{
	"name": "proflow-workspace",
	"version": "0.1.13",
	"lockfileVersion": 3,
	"requires": true,
	"packages": {
		"": {
			"name": "proflow-workspace",
			"version": "0.1.13",
			"license": "MIT",
			"workspaces": [
				"packages/*"
			],
			"engines": {
				"node": ">=22.13"
			}
		},
		"node_modules/@clack/core": {
			"version": "1.5.1",
			"resolved": "https://registry.npmjs.org/@clack/core/-/core-1.5.1.tgz",
			"integrity": "sha512-iHTrHA8MtVuLl2TfZySmcKv1qO2PoyC9Z7pfSDozEuV5vtY3/wcOPKJXlqJ5Oq2Cx5DDGQGAMVx6HZfRRoVEbQ==",
			"license": "MIT",
			"dependencies": {
				"fast-wrap-ansi": "^0.2.0",
				"sisteransi": "^1.0.5"
			},
			"engines": {
				"node": ">= 20.12.0"
			}
		},
		"node_modules/@clack/prompts": {
			"version": "1.8.1",
			"resolved": "https://registry.npmjs.org/@clack/prompts/-/prompts-1.8.1.tgz",
			"integrity": "sha512-dlT1m5e/0yUL0kRNcQn7yGLVThkgbB0Ga/1AmfDDC/8ik6AIiSf2QLQO2zPYvefsHP0aFgxO93cVLCCfDp7kzQ==",
			"license": "MIT",
			"dependencies": {
				"@clack/core": "1.5.1",
				"fast-string-width": "^3.0.2",
				"fast-wrap-ansi": "^0.2.0",
				"sisteransi": "^1.0.5"
			},
			"engines": {
				"node": ">= 20.12.0"
			}
		},
		"node_modules/@nntoan/proflow": {
			"resolved": "packages/cli",
			"link": true
		},
		"node_modules/@ultra-cmd/magento2": {
			"resolved": "packages/magento2",
			"link": true
		},
		"node_modules/@ultra-cmd/mod-codegraph": {
			"resolved": "packages/mod-codegraph",
			"link": true
		},
		"node_modules/@ultra-cmd/mod-gh": {
			"resolved": "packages/mod-gh",
			"link": true
		},
		"node_modules/@ultra-cmd/mod-orca": {
			"resolved": "packages/mod-orca",
			"link": true
		},
		"node_modules/@ultra-cmd/proflow": {
			"resolved": "packages/proflow",
			"link": true
		},
		"node_modules/fast-string-truncated-width": {
			"version": "3.0.3",
			"resolved": "https://registry.npmjs.org/fast-string-truncated-width/-/fast-string-truncated-width-3.0.3.tgz",
			"integrity": "sha512-0jjjIEL6+0jag3l2XWWizO64/aZVtpiGE3t0Zgqxv0DPuxiMjvB3M24fCyhZUO4KomJQPj3LTSUnDP3GpdwC0g==",
			"license": "MIT"
		},
		"node_modules/fast-string-width": {
			"version": "3.0.2",
			"resolved": "https://registry.npmjs.org/fast-string-width/-/fast-string-width-3.0.2.tgz",
			"integrity": "sha512-gX8LrtNEI5hq8DVUfRQMbr5lpaS4nMIWV+7XEbXk2b8kiQIizgnlr12B4dA3ZEx3308ze0O4Q1R+cHts8kyUJg==",
			"license": "MIT",
			"dependencies": {
				"fast-string-truncated-width": "^3.0.2"
			}
		},
		"node_modules/fast-wrap-ansi": {
			"version": "0.2.2",
			"resolved": "https://registry.npmjs.org/fast-wrap-ansi/-/fast-wrap-ansi-0.2.2.tgz",
			"integrity": "sha512-7F2Fl+TjRSenLqlU3UjSH0iyqopqoZIu7eZVpEirP2g1GtWa2G/ecEmBdgz31+Mxr+ELclgg6sokpSFIQiZ02Q==",
			"license": "MIT",
			"dependencies": {
				"fast-string-width": "^3.0.2"
			}
		},
		"node_modules/sisteransi": {
			"version": "1.0.5",
			"resolved": "https://registry.npmjs.org/sisteransi/-/sisteransi-1.0.5.tgz",
			"integrity": "sha512-bLGGlR1QxBcynn2d5YmDX4MGjlZvy2MRBDRNHLJ8VI6l6+9FUiyTFNJ0IveOSP0bcXgVDPRcfGqA0pjaqUpfVg==",
			"license": "MIT"
		},
		"packages/cli": {
			"name": "@nntoan/proflow",
			"version": "0.1.14",
			"license": "MIT",
			"dependencies": {
				"@clack/prompts": "^1.8.1",
				"@ultra-cmd/magento2": "0.1.13",
				"@ultra-cmd/mod-codegraph": "0.1.13",
				"@ultra-cmd/mod-gh": "0.1.13",
				"@ultra-cmd/mod-orca": "0.1.13",
				"@ultra-cmd/proflow": "0.1.13"
			},
			"bin": {
				"proflow": "scripts/install.mjs"
			},
			"engines": {
				"node": ">=22.13"
			}
		},
		"packages/cli/node_modules/@ultra-cmd/magento2": {
			"version": "0.1.13",
			"resolved": "https://registry.npmjs.org/@ultra-cmd/magento2/-/magento2-0.1.13.tgz",
			"integrity": "sha512-l2gTFhIlKdpVgPUmEfWYxfeHf1QAWpkBJmzku5jy8kgcF7AG0E51p1xui4Kwu0BtbNEgevD4kSmcCLl96rGNzg==",
			"license": "MIT"
		},
		"packages/cli/node_modules/@ultra-cmd/mod-codegraph": {
			"version": "0.1.13",
			"resolved": "https://registry.npmjs.org/@ultra-cmd/mod-codegraph/-/mod-codegraph-0.1.13.tgz",
			"integrity": "sha512-+g8kJl3ZpH0ji5/PnbhNPuW4V4ytBXMCq6DCNuQvJkf57CSiK4qxs1z2Wv4W7PWaEAD+OR+RYWp044YRfRt/fQ==",
			"license": "MIT"
		},
		"packages/cli/node_modules/@ultra-cmd/mod-gh": {
			"version": "0.1.13",
			"resolved": "https://registry.npmjs.org/@ultra-cmd/mod-gh/-/mod-gh-0.1.13.tgz",
			"integrity": "sha512-lhpe5YpM99/j07M+ZuxNuPC8A2CZq/H3diICDFZGclKL/fx9XkDqqSva2GpZE6GcDenyVrWJbk1FbX0h8vT4hw==",
			"license": "MIT"
		},
		"packages/cli/node_modules/@ultra-cmd/mod-orca": {
			"version": "0.1.13",
			"resolved": "https://registry.npmjs.org/@ultra-cmd/mod-orca/-/mod-orca-0.1.13.tgz",
			"integrity": "sha512-QMhTHUbpn/US8qNA1Fa+233/QECiAUG9xvLkbt2wO19kSAZFt5BTolDHkar0rXhwKGF+BUsGcUbtJrPJ/Z5MOg==",
			"license": "MIT"
		},
		"packages/cli/node_modules/@ultra-cmd/proflow": {
			"version": "0.1.13",
			"resolved": "https://registry.npmjs.org/@ultra-cmd/proflow/-/proflow-0.1.13.tgz",
			"integrity": "sha512-PyXJRq4LvI0vkM6cokmKT4iQ1puV3UVFYnEJgUrLOp475EihgZgJqiTDSFD6cMK9sIQhjeb6IWUbmdPsc9pJoQ==",
			"license": "MIT"
		},
		"packages/magento2": {
			"name": "@ultra-cmd/magento2",
			"version": "0.1.14",
			"license": "MIT"
		},
		"packages/mod-codegraph": {
			"name": "@ultra-cmd/mod-codegraph",
			"version": "0.1.14",
			"license": "MIT"
		},
		"packages/mod-gh": {
			"name": "@ultra-cmd/mod-gh",
			"version": "0.1.14",
			"license": "MIT"
		},
		"packages/mod-orca": {
			"name": "@ultra-cmd/mod-orca",
			"version": "0.1.14",
			"license": "MIT"
		},
		"packages/proflow": {
			"name": "@ultra-cmd/proflow",
			"version": "0.1.14",
			"license": "MIT"
		}
	}
}
