{
	"name": "proflow-workspace",
	"version": "0.1.16",
	"lockfileVersion": 3,
	"requires": true,
	"packages": {
		"": {
			"name": "proflow-workspace",
			"version": "0.1.16",
			"license": "MIT",
			"workspaces": [
				"packages/*"
			],
			"engines": {
				"node": ">=22.13"
			}
		},
		"node_modules/@clack/core": {
			"version": "1.5.1",
			"resolved": "https://registry.npmjs.org/@clack/core/-/core-1.5.1.tgz",
			"integrity": "sha512-iHTrHA8MtVuLl2TfZySmcKv1qO2PoyC9Z7pfSDozEuV5vtY3/wcOPKJXlqJ5Oq2Cx5DDGQGAMVx6HZfRRoVEbQ==",
			"license": "MIT",
			"dependencies": {
				"fast-wrap-ansi": "^0.2.0",
				"sisteransi": "^1.0.5"
			},
			"engines": {
				"node": ">= 20.12.0"
			}
		},
		"node_modules/@clack/prompts": {
			"version": "1.8.1",
			"resolved": "https://registry.npmjs.org/@clack/prompts/-/prompts-1.8.1.tgz",
			"integrity": "sha512-dlT1m5e/0yUL0kRNcQn7yGLVThkgbB0Ga/1AmfDDC/8ik6AIiSf2QLQO2zPYvefsHP0aFgxO93cVLCCfDp7kzQ==",
			"license": "MIT",
			"dependencies": {
				"@clack/core": "1.5.1",
				"fast-string-width": "^3.0.2",
				"fast-wrap-ansi": "^0.2.0",
				"sisteransi": "^1.0.5"
			},
			"engines": {
				"node": ">= 20.12.0"
			}
		},
		"node_modules/@nntoan/proflow": {
			"resolved": "packages/cli",
			"link": true
		},
		"node_modules/@ultra-cmd/magento2": {
			"resolved": "packages/magento2",
			"link": true
		},
		"node_modules/@ultra-cmd/mod-codegraph": {
			"resolved": "packages/mod-codegraph",
			"link": true
		},
		"node_modules/@ultra-cmd/mod-gh": {
			"resolved": "packages/mod-gh",
			"link": true
		},
		"node_modules/@ultra-cmd/mod-orca": {
			"resolved": "packages/mod-orca",
			"link": true
		},
		"node_modules/@ultra-cmd/proflow": {
			"resolved": "packages/proflow",
			"link": true
		},
		"node_modules/fast-string-truncated-width": {
			"version": "3.0.3",
			"resolved": "https://registry.npmjs.org/fast-string-truncated-width/-/fast-string-truncated-width-3.0.3.tgz",
			"integrity": "sha512-0jjjIEL6+0jag3l2XWWizO64/aZVtpiGE3t0Zgqxv0DPuxiMjvB3M24fCyhZUO4KomJQPj3LTSUnDP3GpdwC0g==",
			"license": "MIT"
		},
		"node_modules/fast-string-width": {
			"version": "3.0.2",
			"resolved": "https://registry.npmjs.org/fast-string-width/-/fast-string-width-3.0.2.tgz",
			"integrity": "sha512-gX8LrtNEI5hq8DVUfRQMbr5lpaS4nMIWV+7XEbXk2b8kiQIizgnlr12B4dA3ZEx3308ze0O4Q1R+cHts8kyUJg==",
			"license": "MIT",
			"dependencies": {
				"fast-string-truncated-width": "^3.0.2"
			}
		},
		"node_modules/fast-wrap-ansi": {
			"version": "0.2.2",
			"resolved": "https://registry.npmjs.org/fast-wrap-ansi/-/fast-wrap-ansi-0.2.2.tgz",
			"integrity": "sha512-7F2Fl+TjRSenLqlU3UjSH0iyqopqoZIu7eZVpEirP2g1GtWa2G/ecEmBdgz31+Mxr+ELclgg6sokpSFIQiZ02Q==",
			"license": "MIT",
			"dependencies": {
				"fast-string-width": "^3.0.2"
			}
		},
		"node_modules/sisteransi": {
			"version": "1.0.5",
			"resolved": "https://registry.npmjs.org/sisteransi/-/sisteransi-1.0.5.tgz",
			"integrity": "sha512-bLGGlR1QxBcynn2d5YmDX4MGjlZvy2MRBDRNHLJ8VI6l6+9FUiyTFNJ0IveOSP0bcXgVDPRcfGqA0pjaqUpfVg==",
			"license": "MIT"
		},
		"packages/cli": {
			"name": "@nntoan/proflow",
			"version": "0.1.17",
			"license": "MIT",
			"dependencies": {
				"@clack/prompts": "^1.8.1",
				"@ultra-cmd/magento2": "0.1.16",
				"@ultra-cmd/mod-codegraph": "0.1.16",
				"@ultra-cmd/mod-gh": "0.1.16",
				"@ultra-cmd/mod-orca": "0.1.16",
				"@ultra-cmd/proflow": "0.1.16"
			},
			"bin": {
				"proflow": "scripts/install.mjs"
			},
			"engines": {
				"node": ">=22.13"
			}
		},
		"packages/cli/node_modules/@ultra-cmd/magento2": {
			"version": "0.1.16",
			"resolved": "https://registry.npmjs.org/@ultra-cmd/magento2/-/magento2-0.1.16.tgz",
			"integrity": "sha512-1l1i3GIgwqOYdkpTBFw/BEwD7te5+fon17oL69YYufRw6MenpDXkLI9N+P7FSrI27RpLtwq74ycW0oxm5uilFg==",
			"license": "MIT"
		},
		"packages/cli/node_modules/@ultra-cmd/mod-codegraph": {
			"version": "0.1.16",
			"resolved": "https://registry.npmjs.org/@ultra-cmd/mod-codegraph/-/mod-codegraph-0.1.16.tgz",
			"integrity": "sha512-QNHawRVJi7RYpTp2pcOnaI7tOfF65nms1BWs277kkYSyn0S+wd+zcv13hSUXY+Y5oByH+iXVzzc6gU9OqVVxZQ==",
			"license": "MIT"
		},
		"packages/cli/node_modules/@ultra-cmd/mod-gh": {
			"version": "0.1.16",
			"resolved": "https://registry.npmjs.org/@ultra-cmd/mod-gh/-/mod-gh-0.1.16.tgz",
			"integrity": "sha512-RjV6vAj1LuUf02Ic4U0sQGyz1XLLqZ6Oac2iy5b94jMkqplAHeKlfErHlhapO/R8UI7f+auqtLEDMGTxsC9WCA==",
			"license": "MIT"
		},
		"packages/cli/node_modules/@ultra-cmd/mod-orca": {
			"version": "0.1.16",
			"resolved": "https://registry.npmjs.org/@ultra-cmd/mod-orca/-/mod-orca-0.1.16.tgz",
			"integrity": "sha512-i8WLucBp9jYvJBPn41fCaqHcF/PIAgYjrfLjDdw1MC4JHAOXsIZHxdh1j1sFuRQG38Fvrq+SkjdTYzZkXEDE2g==",
			"license": "MIT"
		},
		"packages/cli/node_modules/@ultra-cmd/proflow": {
			"version": "0.1.16",
			"resolved": "https://registry.npmjs.org/@ultra-cmd/proflow/-/proflow-0.1.16.tgz",
			"integrity": "sha512-Uv6syUfygL0azuWJUY5uwbfB8DnZmzE5w3UZ5jVo4vBrRba8/ISGlOSpf2D7T//2Osqq6K10nnYmKq+p/F7o8w==",
			"license": "MIT"
		},
		"packages/magento2": {
			"name": "@ultra-cmd/magento2",
			"version": "0.1.17",
			"license": "MIT"
		},
		"packages/mod-codegraph": {
			"name": "@ultra-cmd/mod-codegraph",
			"version": "0.1.17",
			"license": "MIT"
		},
		"packages/mod-gh": {
			"name": "@ultra-cmd/mod-gh",
			"version": "0.1.17",
			"license": "MIT"
		},
		"packages/mod-orca": {
			"name": "@ultra-cmd/mod-orca",
			"version": "0.1.17",
			"license": "MIT"
		},
		"packages/proflow": {
			"name": "@ultra-cmd/proflow",
			"version": "0.1.17",
			"license": "MIT"
		}
	}
}
